
Microsoft Visual Studio Solution File, Format Version 12.00
# Visual Studio 15
VisualStudioVersion = 15.0.26430.16
MinimumVisualStudioVersion = 10.0.40219.1
Project("{8BC9CEB8-8B4A-11D0-8D11-00A0C91BC942}") = "OOP1", "OOP\OOP.vcxproj", "{F18622E9-1162-4946-8163-AF0F205207BC}"
EndProject
Project("{8BC9CEB8-8B4A-11D0-8D11-00A0C91BC942}") = "OOP2", "OOP2\OOP2.vcxproj", "{CBA65446-24AB-4D1F-AE09-9506B814B462}"
EndProject
Project("{8BC9CEB8-8B4A-11D0-8D11-00A0C91BC942}") = "OOP3", "OOP3\OOP3.vcxproj", "{A0A61E0A-61F8-4910-9664-F1A4ED415AF8}"
EndProject
Project("{8BC9CEB8-8B4A-11D0-8D11-00A0C91BC942}") = "OOP4", "OOP4\OOP4.vcxproj", "{73A923EB-DB8B-43A0-88E5-9029DE6992FE}"
EndProject
Project("{8BC9CEB8-8B4A-11D0-8D11-00A0C91BC942}") = "OOP5", "OOP5\OOP5.vcxproj", "{07C74E2A-A08B-4105-8270-13AE3A843664}"
EndProject
Project("{8BC9CEB8-8B4A-11D0-8D11-00A0C91BC942}") = "OOP6", "OOP6\OOP6.vcxproj", "{6CC3327D-2B1B-42B2-9910-9DB18C993C85}"
EndProject
Project("{8BC9CEB8-8B4A-11D0-8D11-00A0C91BC942}") = "OOP7", "OOP7\OOP7.vcxproj", "{1B0DD31C-61E9-4EC6-ABF7-270ABB986117}"
EndProject
Project("{8BC9CEB8-8B4A-11D0-8D11-00A0C91BC942}") = "OOP8", "OOP8\OOP8.vcxproj", "{8756B01B-EDD0-4CCE-B3B5-0D3A22A3DE36}"
EndProject
Global
	GlobalSection(SolutionConfigurationPlatforms) = preSolution
		Debug|x64 = Debug|x64
		Debug|x86 = Debug|x86
		Release|x64 = Release|x64
		Release|x86 = Release|x86
	EndGlobalSection
	GlobalSection(ProjectConfigurationPlatforms) = postSolution
		{F18622E9-1162-4946-8163-AF0F205207BC}.Debug|x64.ActiveCfg = Debug|x64
		{F18622E9-1162-4946-8163-AF0F205207BC}.Debug|x64.Build.0 = Debug|x64
		{F18622E9-1162-4946-8163-AF0F205207BC}.Debug|x86.ActiveCfg = Debug|Win32
		{F18622E9-1162-4946-8163-AF0F205207BC}.Debug|x86.Build.0 = Debug|Win32
		{F18622E9-1162-4946-8163-AF0F205207BC}.Release|x64.ActiveCfg = Release|x64
		{F18622E9-1162-4946-8163-AF0F205207BC}.Release|x64.Build.0 = Release|x64
		{F18622E9-1162-4946-8163-AF0F205207BC}.Release|x86.ActiveCfg = Release|Win32
		{F18622E9-1162-4946-8163-AF0F205207BC}.Release|x86.Build.0 = Release|Win32
		{CBA65446-24AB-4D1F-AE09-9506B814B462}.Debug|x64.ActiveCfg = Debug|x64
		{CBA65446-24AB-4D1F-AE09-9506B814B462}.Debug|x64.Build.0 = Debug|x64
		{CBA65446-24AB-4D1F-AE09-9506B814B462}.Debug|x86.ActiveCfg = Debug|Win32
		{CBA65446-24AB-4D1F-AE09-9506B814B462}.Debug|x86.Build.0 = Debug|Win32
		{CBA65446-24AB-4D1F-AE09-9506B814B462}.Release|x64.ActiveCfg = Release|x64
		{CBA65446-24AB-4D1F-AE09-9506B814B462}.Release|x64.Build.0 = Release|x64
		{CBA65446-24AB-4D1F-AE09-9506B814B462}.Release|x86.ActiveCfg = Release|Win32
		{CBA65446-24AB-4D1F-AE09-9506B814B462}.Release|x86.Build.0 = Release|Win32
		{A0A61E0A-61F8-4910-9664-F1A4ED415AF8}.Debug|x64.ActiveCfg = Debug|x64
		{A0A61E0A-61F8-4910-9664-F1A4ED415AF8}.Debug|x64.Build.0 = Debug|x64
		{A0A61E0A-61F8-4910-9664-F1A4ED415AF8}.Debug|x86.ActiveCfg = Debug|Win32
		{A0A61E0A-61F8-4910-9664-F1A4ED415AF8}.Debug|x86.Build.0 = Debug|Win32
		{A0A61E0A-61F8-4910-9664-F1A4ED415AF8}.Release|x64.ActiveCfg = Release|x64
		{A0A61E0A-61F8-4910-9664-F1A4ED415AF8}.Release|x64.Build.0 = Release|x64
		{A0A61E0A-61F8-4910-9664-F1A4ED415AF8}.Release|x86.ActiveCfg = Release|Win32
		{A0A61E0A-61F8-4910-9664-F1A4ED415AF8}.Release|x86.Build.0 = Release|Win32
		{73A923EB-DB8B-43A0-88E5-9029DE6992FE}.Debug|x64.ActiveCfg = Debug|x64
		{73A923EB-DB8B-43A0-88E5-9029DE6992FE}.Debug|x64.Build.0 = Debug|x64
		{73A923EB-DB8B-43A0-88E5-9029DE6992FE}.Debug|x86.ActiveCfg = Debug|Win32
		{73A923EB-DB8B-43A0-88E5-9029DE6992FE}.Debug|x86.Build.0 = Debug|Win32
		{73A923EB-DB8B-43A0-88E5-9029DE6992FE}.Release|x64.ActiveCfg = Release|x64
		{73A923EB-DB8B-43A0-88E5-9029DE6992FE}.Release|x64.Build.0 = Release|x64
		{73A923EB-DB8B-43A0-88E5-9029DE6992FE}.Release|x86.ActiveCfg = Release|Win32
		{73A923EB-DB8B-43A0-88E5-9029DE6992FE}.Release|x86.Build.0 = Release|Win32
		{07C74E2A-A08B-4105-8270-13AE3A843664}.Debug|x64.ActiveCfg = Debug|x64
		{07C74E2A-A08B-4105-8270-13AE3A843664}.Debug|x64.Build.0 = Debug|x64
		{07C74E2A-A08B-4105-8270-13AE3A843664}.Debug|x86.ActiveCfg = Debug|Win32
		{07C74E2A-A08B-4105-8270-13AE3A843664}.Debug|x86.Build.0 = Debug|Win32
		{07C74E2A-A08B-4105-8270-13AE3A843664}.Release|x64.ActiveCfg = Release|x64
		{07C74E2A-A08B-4105-8270-13AE3A843664}.Release|x64.Build.0 = Release|x64
		{07C74E2A-A08B-4105-8270-13AE3A843664}.Release|x86.ActiveCfg = Release|Win32
		{07C74E2A-A08B-4105-8270-13AE3A843664}.Release|x86.Build.0 = Release|Win32
		{6CC3327D-2B1B-42B2-9910-9DB18C993C85}.Debug|x64.ActiveCfg = Debug|x64
		{6CC3327D-2B1B-42B2-9910-9DB18C993C85}.Debug|x64.Build.0 = Debug|x64
		{6CC3327D-2B1B-42B2-9910-9DB18C993C85}.Debug|x86.ActiveCfg = Debug|Win32
		{6CC3327D-2B1B-42B2-9910-9DB18C993C85}.Debug|x86.Build.0 = Debug|Win32
		{6CC3327D-2B1B-42B2-9910-9DB18C993C85}.Release|x64.ActiveCfg = Release|x64
		{6CC3327D-2B1B-42B2-9910-9DB18C993C85}.Release|x64.Build.0 = Release|x64
		{6CC3327D-2B1B-42B2-9910-9DB18C993C85}.Release|x86.ActiveCfg = Release|Win32
		{6CC3327D-2B1B-42B2-9910-9DB18C993C85}.Release|x86.Build.0 = Release|Win32
		{1B0DD31C-61E9-4EC6-ABF7-270ABB986117}.Debug|x64.ActiveCfg = Debug|x64
		{1B0DD31C-61E9-4EC6-ABF7-270ABB986117}.Debug|x64.Build.0 = Debug|x64
		{1B0DD31C-61E9-4EC6-ABF7-270ABB986117}.Debug|x86.ActiveCfg = Debug|Win32
		{1B0DD31C-61E9-4EC6-ABF7-270ABB986117}.Debug|x86.Build.0 = Debug|Win32
		{1B0DD31C-61E9-4EC6-ABF7-270ABB986117}.Release|x64.ActiveCfg = Release|x64
		{1B0DD31C-61E9-4EC6-ABF7-270ABB986117}.Release|x64.Build.0 = Release|x64
		{1B0DD31C-61E9-4EC6-ABF7-270ABB986117}.Release|x86.ActiveCfg = Release|Win32
		{1B0DD31C-61E9-4EC6-ABF7-270ABB986117}.Release|x86.Build.0 = Release|Win32
		{8756B01B-EDD0-4CCE-B3B5-0D3A22A3DE36}.Debug|x64.ActiveCfg = Debug|x64
		{8756B01B-EDD0-4CCE-B3B5-0D3A22A3DE36}.Debug|x64.Build.0 = Debug|x64
		{8756B01B-EDD0-4CCE-B3B5-0D3A22A3DE36}.Debug|x86.ActiveCfg = Debug|Win32
		{8756B01B-EDD0-4CCE-B3B5-0D3A22A3DE36}.Debug|x86.Build.0 = Debug|Win32
		{8756B01B-EDD0-4CCE-B3B5-0D3A22A3DE36}.Release|x64.ActiveCfg = Release|x64
		{8756B01B-EDD0-4CCE-B3B5-0D3A22A3DE36}.Release|x64.Build.0 = Release|x64
		{8756B01B-EDD0-4CCE-B3B5-0D3A22A3DE36}.Release|x86.ActiveCfg = Release|Win32
		{8756B01B-EDD0-4CCE-B3B5-0D3A22A3DE36}.Release|x86.Build.0 = Release|Win32
	EndGlobalSection
	GlobalSection(SolutionProperties) = preSolution
		HideSolutionNode = FALSE
	EndGlobalSection
EndGlobal
