
Microsoft Visual Studio Solution File, Format Version 12.00
# Visual Studio 15
VisualStudioVersion = 15.0.26430.16
MinimumVisualStudioVersion = 10.0.40219.1
Project("{8BC9CEB8-8B4A-11D0-8D11-00A0C91BC942}") = "pointer-in-c", "pointer-in-c\pointer-in-c.vcxproj", "{10AD7669-E38F-4AC1-A469-861F2233F85F}"
EndProject
Project("{8BC9CEB8-8B4A-11D0-8D11-00A0C91BC942}") = "bitwise-operators-in-c", "bitwise-operators-in-c\bitwise-operators-in-c.vcxproj", "{E048EF8E-CEBE-4ACC-924A-EA9A55349E4F}"
EndProject
Project("{8BC9CEB8-8B4A-11D0-8D11-00A0C91BC942}") = "printing-tokens", "printing-tokens\printing-tokens.vcxproj", "{E56D56FE-7090-48D1-84B6-1077E11B283B}"
EndProject
Project("{8BC9CEB8-8B4A-11D0-8D11-00A0C91BC942}") = "frequency-of-digits-1", "frequency-of-digits-1\frequency-of-digits-1.vcxproj", "{3F332239-728B-4F70-94E5-E286A759EB4E}"
EndProject
Project("{8BC9CEB8-8B4A-11D0-8D11-00A0C91BC942}") = "recursion-in-c", "recursion-in-c\recursion-in-c.vcxproj", "{9A4A8C57-ABB0-4CB5-8F23-78D9BDB0774C}"
EndProject
Project("{8BC9CEB8-8B4A-11D0-8D11-00A0C91BC942}") = "variadic-functions-in-c", "variadic-functions-in-c\variadic-functions-in-c.vcxproj", "{CD6C483B-D3CD-4051-A841-D09CD4A56737}"
EndProject
Project("{8BC9CEB8-8B4A-11D0-8D11-00A0C91BC942}") = "box-it", "box-it\box-it.vcxproj", "{EE38F87C-3C18-413A-B5AC-CB9991DA4DFC}"
EndProject
Project("{8BC9CEB8-8B4A-11D0-8D11-00A0C91BC942}") = "classes-objects", "classes-objects\classes-objects.vcxproj", "{50ABC387-7F10-48C5-9598-1D7B019AAE71}"
EndProject
Project("{8BC9CEB8-8B4A-11D0-8D11-00A0C91BC942}") = "c-tutorial-class", "c-tutorial-class\c-tutorial-class.vcxproj", "{28885904-361B-47CB-BB92-9BD9353EB7D4}"
EndProject
Project("{8BC9CEB8-8B4A-11D0-8D11-00A0C91BC942}") = "c-tutorial-pointer", "c-tutorial-pointer\c-tutorial-pointer.vcxproj", "{24325D76-C0F3-4055-A896-EF2AFA36EF84}"
EndProject
Project("{8BC9CEB8-8B4A-11D0-8D11-00A0C91BC942}") = "c-tutorial-struct", "Project1c-tutorial-struct\Project1c-tutorial-struct.vcxproj", "{228B6CB7-0F7C-4011-AF5D-604B3C7B1503}"
EndProject
Project("{8BC9CEB8-8B4A-11D0-8D11-00A0C91BC942}") = "virtual-functions", "virtual-functions\virtual-functions.vcxproj", "{B1A66B61-BC2E-4AA9-95BA-136B01827EAB}"
EndProject
Project("{8BC9CEB8-8B4A-11D0-8D11-00A0C91BC942}") = "abstract-classes-polymorphism", "abstract-classes-polymorphism\abstract-classes-polymorphism.vcxproj", "{A132BC95-AAD8-4B75-927A-D5134D9324DE}"
EndProject
Project("{8BC9CEB8-8B4A-11D0-8D11-00A0C91BC942}") = "vector-sort", "vector-sort\vector-sort.vcxproj", "{DD725A4B-889B-44E9-9BFB-922749A529AF}"
EndProject
Project("{8BC9CEB8-8B4A-11D0-8D11-00A0C91BC942}") = "cpp-sets", "cpp-sets\cpp-sets.vcxproj", "{700D0CB6-868E-46D0-A15E-E884A3140E46}"
EndProject
Project("{8BC9CEB8-8B4A-11D0-8D11-00A0C91BC942}") = "cpp-maps", "cpp-maps\cpp-maps.vcxproj", "{7F03AEF6-A0B0-490A-B1E3-BEAEB45DA4EE}"
EndProject
Project("{8BC9CEB8-8B4A-11D0-8D11-00A0C91BC942}") = "inheritance-introduction", "inheritance-introduction\inheritance-introduction.vcxproj", "{F20AD3BB-C6D3-4246-97E5-DF20F90B436C}"
EndProject
Project("{8BC9CEB8-8B4A-11D0-8D11-00A0C91BC942}") = "accessing-inherited-functions", "accessing-inherited-functions\accessing-inherited-functions.vcxproj", "{7BF47347-A14E-4D8C-9DC4-E4F55AE3C543}"
EndProject
Project("{8BC9CEB8-8B4A-11D0-8D11-00A0C91BC942}") = "c-class-templates", "c-class-templates\c-class-templates.vcxproj", "{E678FBD7-CBEA-4938-BCB6-EE8F8C153E13}"
EndProject
Project("{8BC9CEB8-8B4A-11D0-8D11-00A0C91BC942}") = "preprocessor-solution", "preprocessor-solution\preprocessor-solution.vcxproj", "{BBB41B12-D6A9-4F58-B52C-66E1DEF1CCE9}"
EndProject
Project("{8BC9CEB8-8B4A-11D0-8D11-00A0C91BC942}") = "operator-overloading", "operator-overloading\operator-overloading.vcxproj", "{E0762DA2-65B3-4AB4-8827-53DD99F23010}"
EndProject
Project("{8BC9CEB8-8B4A-11D0-8D11-00A0C91BC942}") = "horse-racing-duals", "horse-racing-duals\horse-racing-duals.vcxproj", "{57B10A15-0B09-4A74-9FF4-981782C4D312}"
EndProject
Project("{8BC9CEB8-8B4A-11D0-8D11-00A0C91BC942}") = "chuck-norris", "chuck-norris\chuck-norris.vcxproj", "{1BEA9DCF-E30C-46D6-8808-24AEFDFC0872}"
EndProject
Project("{8BC9CEB8-8B4A-11D0-8D11-00A0C91BC942}") = "ascii-art", "ascii-art\ascii-art.vcxproj", "{3F0ABCB1-2F72-4182-AB09-6C133950D666}"
EndProject
Project("{8BC9CEB8-8B4A-11D0-8D11-00A0C91BC942}") = "rotate-string", "rotate-string\rotate-string.vcxproj", "{C4870A63-B780-42C3-8378-BBB97C4D4CDD}"
EndProject
Project("{8BC9CEB8-8B4A-11D0-8D11-00A0C91BC942}") = "roman-to-integer", "roman-to-integer\roman-to-integer.vcxproj", "{BFE80840-7FBB-4957-A96A-4E9B1BD2E151}"
EndProject
Project("{8BC9CEB8-8B4A-11D0-8D11-00A0C91BC942}") = "overload-operators", "overload-operators\overload-operators.vcxproj", "{007D3E1E-B8CE-4026-87CB-38FB5017AF9E}"
EndProject
Project("{8BC9CEB8-8B4A-11D0-8D11-00A0C91BC942}") = "2d-array", "2d-array\2d-array.vcxproj", "{43B11ACE-1ED7-49EF-A7A4-518A94CEF05F}"
EndProject
Project("{8BC9CEB8-8B4A-11D0-8D11-00A0C91BC942}") = "array-left-rotation", "array-left-rotation\array-left-rotation.vcxproj", "{67FC2CBA-10DE-4BEB-8F10-6D5BD288159D}"
EndProject
Project("{8BC9CEB8-8B4A-11D0-8D11-00A0C91BC942}") = "squares-of-a-sorted-array", "squares-of-a-sorted-array\squares-of-a-sorted-array.vcxproj", "{E984E3CD-F984-4049-BFED-3A7ABEE5F035}"
EndProject
Project("{8BC9CEB8-8B4A-11D0-8D11-00A0C91BC942}") = "peak-index-in-a-mountain-array", "peak-index-in-a-mountain-array\peak-index-in-a-mountain-array.vcxproj", "{FA4334C9-49D2-4C86-A25C-A7C52748B7E0}"
EndProject
Project("{8BC9CEB8-8B4A-11D0-8D11-00A0C91BC942}") = "fibonacci-number", "fibonacci-number\fibonacci-number.vcxproj", "{1AD6E233-7792-4568-B127-EAED5F11A266}"
EndProject
Global
	GlobalSection(SolutionConfigurationPlatforms) = preSolution
		Debug|x64 = Debug|x64
		Debug|x86 = Debug|x86
		Release|x64 = Release|x64
		Release|x86 = Release|x86
	EndGlobalSection
	GlobalSection(ProjectConfigurationPlatforms) = postSolution
		{10AD7669-E38F-4AC1-A469-861F2233F85F}.Debug|x64.ActiveCfg = Debug|x64
		{10AD7669-E38F-4AC1-A469-861F2233F85F}.Debug|x64.Build.0 = Debug|x64
		{10AD7669-E38F-4AC1-A469-861F2233F85F}.Debug|x86.ActiveCfg = Debug|Win32
		{10AD7669-E38F-4AC1-A469-861F2233F85F}.Debug|x86.Build.0 = Debug|Win32
		{10AD7669-E38F-4AC1-A469-861F2233F85F}.Release|x64.ActiveCfg = Release|x64
		{10AD7669-E38F-4AC1-A469-861F2233F85F}.Release|x64.Build.0 = Release|x64
		{10AD7669-E38F-4AC1-A469-861F2233F85F}.Release|x86.ActiveCfg = Release|Win32
		{10AD7669-E38F-4AC1-A469-861F2233F85F}.Release|x86.Build.0 = Release|Win32
		{E048EF8E-CEBE-4ACC-924A-EA9A55349E4F}.Debug|x64.ActiveCfg = Debug|x64
		{E048EF8E-CEBE-4ACC-924A-EA9A55349E4F}.Debug|x64.Build.0 = Debug|x64
		{E048EF8E-CEBE-4ACC-924A-EA9A55349E4F}.Debug|x86.ActiveCfg = Debug|Win32
		{E048EF8E-CEBE-4ACC-924A-EA9A55349E4F}.Debug|x86.Build.0 = Debug|Win32
		{E048EF8E-CEBE-4ACC-924A-EA9A55349E4F}.Release|x64.ActiveCfg = Release|x64
		{E048EF8E-CEBE-4ACC-924A-EA9A55349E4F}.Release|x64.Build.0 = Release|x64
		{E048EF8E-CEBE-4ACC-924A-EA9A55349E4F}.Release|x86.ActiveCfg = Release|Win32
		{E048EF8E-CEBE-4ACC-924A-EA9A55349E4F}.Release|x86.Build.0 = Release|Win32
		{E56D56FE-7090-48D1-84B6-1077E11B283B}.Debug|x64.ActiveCfg = Debug|x64
		{E56D56FE-7090-48D1-84B6-1077E11B283B}.Debug|x64.Build.0 = Debug|x64
		{E56D56FE-7090-48D1-84B6-1077E11B283B}.Debug|x86.ActiveCfg = Debug|Win32
		{E56D56FE-7090-48D1-84B6-1077E11B283B}.Debug|x86.Build.0 = Debug|Win32
		{E56D56FE-7090-48D1-84B6-1077E11B283B}.Release|x64.ActiveCfg = Release|x64
		{E56D56FE-7090-48D1-84B6-1077E11B283B}.Release|x64.Build.0 = Release|x64
		{E56D56FE-7090-48D1-84B6-1077E11B283B}.Release|x86.ActiveCfg = Release|Win32
		{E56D56FE-7090-48D1-84B6-1077E11B283B}.Release|x86.Build.0 = Release|Win32
		{3F332239-728B-4F70-94E5-E286A759EB4E}.Debug|x64.ActiveCfg = Debug|x64
		{3F332239-728B-4F70-94E5-E286A759EB4E}.Debug|x64.Build.0 = Debug|x64
		{3F332239-728B-4F70-94E5-E286A759EB4E}.Debug|x86.ActiveCfg = Debug|Win32
		{3F332239-728B-4F70-94E5-E286A759EB4E}.Debug|x86.Build.0 = Debug|Win32
		{3F332239-728B-4F70-94E5-E286A759EB4E}.Release|x64.ActiveCfg = Release|x64
		{3F332239-728B-4F70-94E5-E286A759EB4E}.Release|x64.Build.0 = Release|x64
		{3F332239-728B-4F70-94E5-E286A759EB4E}.Release|x86.ActiveCfg = Release|Win32
		{3F332239-728B-4F70-94E5-E286A759EB4E}.Release|x86.Build.0 = Release|Win32
		{9A4A8C57-ABB0-4CB5-8F23-78D9BDB0774C}.Debug|x64.ActiveCfg = Debug|x64
		{9A4A8C57-ABB0-4CB5-8F23-78D9BDB0774C}.Debug|x64.Build.0 = Debug|x64
		{9A4A8C57-ABB0-4CB5-8F23-78D9BDB0774C}.Debug|x86.ActiveCfg = Debug|Win32
		{9A4A8C57-ABB0-4CB5-8F23-78D9BDB0774C}.Debug|x86.Build.0 = Debug|Win32
		{9A4A8C57-ABB0-4CB5-8F23-78D9BDB0774C}.Release|x64.ActiveCfg = Release|x64
		{9A4A8C57-ABB0-4CB5-8F23-78D9BDB0774C}.Release|x64.Build.0 = Release|x64
		{9A4A8C57-ABB0-4CB5-8F23-78D9BDB0774C}.Release|x86.ActiveCfg = Release|Win32
		{9A4A8C57-ABB0-4CB5-8F23-78D9BDB0774C}.Release|x86.Build.0 = Release|Win32
		{CD6C483B-D3CD-4051-A841-D09CD4A56737}.Debug|x64.ActiveCfg = Debug|x64
		{CD6C483B-D3CD-4051-A841-D09CD4A56737}.Debug|x64.Build.0 = Debug|x64
		{CD6C483B-D3CD-4051-A841-D09CD4A56737}.Debug|x86.ActiveCfg = Debug|Win32
		{CD6C483B-D3CD-4051-A841-D09CD4A56737}.Debug|x86.Build.0 = Debug|Win32
		{CD6C483B-D3CD-4051-A841-D09CD4A56737}.Release|x64.ActiveCfg = Release|x64
		{CD6C483B-D3CD-4051-A841-D09CD4A56737}.Release|x64.Build.0 = Release|x64
		{CD6C483B-D3CD-4051-A841-D09CD4A56737}.Release|x86.ActiveCfg = Release|Win32
		{CD6C483B-D3CD-4051-A841-D09CD4A56737}.Release|x86.Build.0 = Release|Win32
		{EE38F87C-3C18-413A-B5AC-CB9991DA4DFC}.Debug|x64.ActiveCfg = Debug|x64
		{EE38F87C-3C18-413A-B5AC-CB9991DA4DFC}.Debug|x64.Build.0 = Debug|x64
		{EE38F87C-3C18-413A-B5AC-CB9991DA4DFC}.Debug|x86.ActiveCfg = Debug|Win32
		{EE38F87C-3C18-413A-B5AC-CB9991DA4DFC}.Debug|x86.Build.0 = Debug|Win32
		{EE38F87C-3C18-413A-B5AC-CB9991DA4DFC}.Release|x64.ActiveCfg = Release|x64
		{EE38F87C-3C18-413A-B5AC-CB9991DA4DFC}.Release|x64.Build.0 = Release|x64
		{EE38F87C-3C18-413A-B5AC-CB9991DA4DFC}.Release|x86.ActiveCfg = Release|Win32
		{EE38F87C-3C18-413A-B5AC-CB9991DA4DFC}.Release|x86.Build.0 = Release|Win32
		{50ABC387-7F10-48C5-9598-1D7B019AAE71}.Debug|x64.ActiveCfg = Debug|x64
		{50ABC387-7F10-48C5-9598-1D7B019AAE71}.Debug|x64.Build.0 = Debug|x64
		{50ABC387-7F10-48C5-9598-1D7B019AAE71}.Debug|x86.ActiveCfg = Debug|Win32
		{50ABC387-7F10-48C5-9598-1D7B019AAE71}.Debug|x86.Build.0 = Debug|Win32
		{50ABC387-7F10-48C5-9598-1D7B019AAE71}.Release|x64.ActiveCfg = Release|x64
		{50ABC387-7F10-48C5-9598-1D7B019AAE71}.Release|x64.Build.0 = Release|x64
		{50ABC387-7F10-48C5-9598-1D7B019AAE71}.Release|x86.ActiveCfg = Release|Win32
		{50ABC387-7F10-48C5-9598-1D7B019AAE71}.Release|x86.Build.0 = Release|Win32
		{28885904-361B-47CB-BB92-9BD9353EB7D4}.Debug|x64.ActiveCfg = Debug|x64
		{28885904-361B-47CB-BB92-9BD9353EB7D4}.Debug|x64.Build.0 = Debug|x64
		{28885904-361B-47CB-BB92-9BD9353EB7D4}.Debug|x86.ActiveCfg = Debug|Win32
		{28885904-361B-47CB-BB92-9BD9353EB7D4}.Debug|x86.Build.0 = Debug|Win32
		{28885904-361B-47CB-BB92-9BD9353EB7D4}.Release|x64.ActiveCfg = Release|x64
		{28885904-361B-47CB-BB92-9BD9353EB7D4}.Release|x64.Build.0 = Release|x64
		{28885904-361B-47CB-BB92-9BD9353EB7D4}.Release|x86.ActiveCfg = Release|Win32
		{28885904-361B-47CB-BB92-9BD9353EB7D4}.Release|x86.Build.0 = Release|Win32
		{24325D76-C0F3-4055-A896-EF2AFA36EF84}.Debug|x64.ActiveCfg = Debug|x64
		{24325D76-C0F3-4055-A896-EF2AFA36EF84}.Debug|x64.Build.0 = Debug|x64
		{24325D76-C0F3-4055-A896-EF2AFA36EF84}.Debug|x86.ActiveCfg = Debug|Win32
		{24325D76-C0F3-4055-A896-EF2AFA36EF84}.Debug|x86.Build.0 = Debug|Win32
		{24325D76-C0F3-4055-A896-EF2AFA36EF84}.Release|x64.ActiveCfg = Release|x64
		{24325D76-C0F3-4055-A896-EF2AFA36EF84}.Release|x64.Build.0 = Release|x64
		{24325D76-C0F3-4055-A896-EF2AFA36EF84}.Release|x86.ActiveCfg = Release|Win32
		{24325D76-C0F3-4055-A896-EF2AFA36EF84}.Release|x86.Build.0 = Release|Win32
		{228B6CB7-0F7C-4011-AF5D-604B3C7B1503}.Debug|x64.ActiveCfg = Debug|x64
		{228B6CB7-0F7C-4011-AF5D-604B3C7B1503}.Debug|x64.Build.0 = Debug|x64
		{228B6CB7-0F7C-4011-AF5D-604B3C7B1503}.Debug|x86.ActiveCfg = Debug|Win32
		{228B6CB7-0F7C-4011-AF5D-604B3C7B1503}.Debug|x86.Build.0 = Debug|Win32
		{228B6CB7-0F7C-4011-AF5D-604B3C7B1503}.Release|x64.ActiveCfg = Release|x64
		{228B6CB7-0F7C-4011-AF5D-604B3C7B1503}.Release|x64.Build.0 = Release|x64
		{228B6CB7-0F7C-4011-AF5D-604B3C7B1503}.Release|x86.ActiveCfg = Release|Win32
		{228B6CB7-0F7C-4011-AF5D-604B3C7B1503}.Release|x86.Build.0 = Release|Win32
		{B1A66B61-BC2E-4AA9-95BA-136B01827EAB}.Debug|x64.ActiveCfg = Debug|x64
		{B1A66B61-BC2E-4AA9-95BA-136B01827EAB}.Debug|x64.Build.0 = Debug|x64
		{B1A66B61-BC2E-4AA9-95BA-136B01827EAB}.Debug|x86.ActiveCfg = Debug|Win32
		{B1A66B61-BC2E-4AA9-95BA-136B01827EAB}.Debug|x86.Build.0 = Debug|Win32
		{B1A66B61-BC2E-4AA9-95BA-136B01827EAB}.Release|x64.ActiveCfg = Release|x64
		{B1A66B61-BC2E-4AA9-95BA-136B01827EAB}.Release|x64.Build.0 = Release|x64
		{B1A66B61-BC2E-4AA9-95BA-136B01827EAB}.Release|x86.ActiveCfg = Release|Win32
		{B1A66B61-BC2E-4AA9-95BA-136B01827EAB}.Release|x86.Build.0 = Release|Win32
		{A132BC95-AAD8-4B75-927A-D5134D9324DE}.Debug|x64.ActiveCfg = Debug|x64
		{A132BC95-AAD8-4B75-927A-D5134D9324DE}.Debug|x64.Build.0 = Debug|x64
		{A132BC95-AAD8-4B75-927A-D5134D9324DE}.Debug|x86.ActiveCfg = Debug|Win32
		{A132BC95-AAD8-4B75-927A-D5134D9324DE}.Debug|x86.Build.0 = Debug|Win32
		{A132BC95-AAD8-4B75-927A-D5134D9324DE}.Release|x64.ActiveCfg = Release|x64
		{A132BC95-AAD8-4B75-927A-D5134D9324DE}.Release|x64.Build.0 = Release|x64
		{A132BC95-AAD8-4B75-927A-D5134D9324DE}.Release|x86.ActiveCfg = Release|Win32
		{A132BC95-AAD8-4B75-927A-D5134D9324DE}.Release|x86.Build.0 = Release|Win32
		{DD725A4B-889B-44E9-9BFB-922749A529AF}.Debug|x64.ActiveCfg = Debug|x64
		{DD725A4B-889B-44E9-9BFB-922749A529AF}.Debug|x64.Build.0 = Debug|x64
		{DD725A4B-889B-44E9-9BFB-922749A529AF}.Debug|x86.ActiveCfg = Debug|Win32
		{DD725A4B-889B-44E9-9BFB-922749A529AF}.Debug|x86.Build.0 = Debug|Win32
		{DD725A4B-889B-44E9-9BFB-922749A529AF}.Release|x64.ActiveCfg = Release|x64
		{DD725A4B-889B-44E9-9BFB-922749A529AF}.Release|x64.Build.0 = Release|x64
		{DD725A4B-889B-44E9-9BFB-922749A529AF}.Release|x86.ActiveCfg = Release|Win32
		{DD725A4B-889B-44E9-9BFB-922749A529AF}.Release|x86.Build.0 = Release|Win32
		{700D0CB6-868E-46D0-A15E-E884A3140E46}.Debug|x64.ActiveCfg = Debug|x64
		{700D0CB6-868E-46D0-A15E-E884A3140E46}.Debug|x64.Build.0 = Debug|x64
		{700D0CB6-868E-46D0-A15E-E884A3140E46}.Debug|x86.ActiveCfg = Debug|Win32
		{700D0CB6-868E-46D0-A15E-E884A3140E46}.Debug|x86.Build.0 = Debug|Win32
		{700D0CB6-868E-46D0-A15E-E884A3140E46}.Release|x64.ActiveCfg = Release|x64
		{700D0CB6-868E-46D0-A15E-E884A3140E46}.Release|x64.Build.0 = Release|x64
		{700D0CB6-868E-46D0-A15E-E884A3140E46}.Release|x86.ActiveCfg = Release|Win32
		{700D0CB6-868E-46D0-A15E-E884A3140E46}.Release|x86.Build.0 = Release|Win32
		{7F03AEF6-A0B0-490A-B1E3-BEAEB45DA4EE}.Debug|x64.ActiveCfg = Debug|x64
		{7F03AEF6-A0B0-490A-B1E3-BEAEB45DA4EE}.Debug|x64.Build.0 = Debug|x64
		{7F03AEF6-A0B0-490A-B1E3-BEAEB45DA4EE}.Debug|x86.ActiveCfg = Debug|Win32
		{7F03AEF6-A0B0-490A-B1E3-BEAEB45DA4EE}.Debug|x86.Build.0 = Debug|Win32
		{7F03AEF6-A0B0-490A-B1E3-BEAEB45DA4EE}.Release|x64.ActiveCfg = Release|x64
		{7F03AEF6-A0B0-490A-B1E3-BEAEB45DA4EE}.Release|x64.Build.0 = Release|x64
		{7F03AEF6-A0B0-490A-B1E3-BEAEB45DA4EE}.Release|x86.ActiveCfg = Release|Win32
		{7F03AEF6-A0B0-490A-B1E3-BEAEB45DA4EE}.Release|x86.Build.0 = Release|Win32
		{F20AD3BB-C6D3-4246-97E5-DF20F90B436C}.Debug|x64.ActiveCfg = Debug|x64
		{F20AD3BB-C6D3-4246-97E5-DF20F90B436C}.Debug|x64.Build.0 = Debug|x64
		{F20AD3BB-C6D3-4246-97E5-DF20F90B436C}.Debug|x86.ActiveCfg = Debug|Win32
		{F20AD3BB-C6D3-4246-97E5-DF20F90B436C}.Debug|x86.Build.0 = Debug|Win32
		{F20AD3BB-C6D3-4246-97E5-DF20F90B436C}.Release|x64.ActiveCfg = Release|x64
		{F20AD3BB-C6D3-4246-97E5-DF20F90B436C}.Release|x64.Build.0 = Release|x64
		{F20AD3BB-C6D3-4246-97E5-DF20F90B436C}.Release|x86.ActiveCfg = Release|Win32
		{F20AD3BB-C6D3-4246-97E5-DF20F90B436C}.Release|x86.Build.0 = Release|Win32
		{7BF47347-A14E-4D8C-9DC4-E4F55AE3C543}.Debug|x64.ActiveCfg = Debug|x64
		{7BF47347-A14E-4D8C-9DC4-E4F55AE3C543}.Debug|x64.Build.0 = Debug|x64
		{7BF47347-A14E-4D8C-9DC4-E4F55AE3C543}.Debug|x86.ActiveCfg = Debug|Win32
		{7BF47347-A14E-4D8C-9DC4-E4F55AE3C543}.Debug|x86.Build.0 = Debug|Win32
		{7BF47347-A14E-4D8C-9DC4-E4F55AE3C543}.Release|x64.ActiveCfg = Release|x64
		{7BF47347-A14E-4D8C-9DC4-E4F55AE3C543}.Release|x64.Build.0 = Release|x64
		{7BF47347-A14E-4D8C-9DC4-E4F55AE3C543}.Release|x86.ActiveCfg = Release|Win32
		{7BF47347-A14E-4D8C-9DC4-E4F55AE3C543}.Release|x86.Build.0 = Release|Win32
		{E678FBD7-CBEA-4938-BCB6-EE8F8C153E13}.Debug|x64.ActiveCfg = Debug|x64
		{E678FBD7-CBEA-4938-BCB6-EE8F8C153E13}.Debug|x64.Build.0 = Debug|x64
		{E678FBD7-CBEA-4938-BCB6-EE8F8C153E13}.Debug|x86.ActiveCfg = Debug|Win32
		{E678FBD7-CBEA-4938-BCB6-EE8F8C153E13}.Debug|x86.Build.0 = Debug|Win32
		{E678FBD7-CBEA-4938-BCB6-EE8F8C153E13}.Release|x64.ActiveCfg = Release|x64
		{E678FBD7-CBEA-4938-BCB6-EE8F8C153E13}.Release|x64.Build.0 = Release|x64
		{E678FBD7-CBEA-4938-BCB6-EE8F8C153E13}.Release|x86.ActiveCfg = Release|Win32
		{E678FBD7-CBEA-4938-BCB6-EE8F8C153E13}.Release|x86.Build.0 = Release|Win32
		{BBB41B12-D6A9-4F58-B52C-66E1DEF1CCE9}.Debug|x64.ActiveCfg = Debug|x64
		{BBB41B12-D6A9-4F58-B52C-66E1DEF1CCE9}.Debug|x64.Build.0 = Debug|x64
		{BBB41B12-D6A9-4F58-B52C-66E1DEF1CCE9}.Debug|x86.ActiveCfg = Debug|Win32
		{BBB41B12-D6A9-4F58-B52C-66E1DEF1CCE9}.Debug|x86.Build.0 = Debug|Win32
		{BBB41B12-D6A9-4F58-B52C-66E1DEF1CCE9}.Release|x64.ActiveCfg = Release|x64
		{BBB41B12-D6A9-4F58-B52C-66E1DEF1CCE9}.Release|x64.Build.0 = Release|x64
		{BBB41B12-D6A9-4F58-B52C-66E1DEF1CCE9}.Release|x86.ActiveCfg = Release|Win32
		{BBB41B12-D6A9-4F58-B52C-66E1DEF1CCE9}.Release|x86.Build.0 = Release|Win32
		{E0762DA2-65B3-4AB4-8827-53DD99F23010}.Debug|x64.ActiveCfg = Debug|x64
		{E0762DA2-65B3-4AB4-8827-53DD99F23010}.Debug|x64.Build.0 = Debug|x64
		{E0762DA2-65B3-4AB4-8827-53DD99F23010}.Debug|x86.ActiveCfg = Debug|Win32
		{E0762DA2-65B3-4AB4-8827-53DD99F23010}.Debug|x86.Build.0 = Debug|Win32
		{E0762DA2-65B3-4AB4-8827-53DD99F23010}.Release|x64.ActiveCfg = Release|x64
		{E0762DA2-65B3-4AB4-8827-53DD99F23010}.Release|x64.Build.0 = Release|x64
		{E0762DA2-65B3-4AB4-8827-53DD99F23010}.Release|x86.ActiveCfg = Release|Win32
		{E0762DA2-65B3-4AB4-8827-53DD99F23010}.Release|x86.Build.0 = Release|Win32
		{57B10A15-0B09-4A74-9FF4-981782C4D312}.Debug|x64.ActiveCfg = Debug|x64
		{57B10A15-0B09-4A74-9FF4-981782C4D312}.Debug|x64.Build.0 = Debug|x64
		{57B10A15-0B09-4A74-9FF4-981782C4D312}.Debug|x86.ActiveCfg = Debug|Win32
		{57B10A15-0B09-4A74-9FF4-981782C4D312}.Debug|x86.Build.0 = Debug|Win32
		{57B10A15-0B09-4A74-9FF4-981782C4D312}.Release|x64.ActiveCfg = Release|x64
		{57B10A15-0B09-4A74-9FF4-981782C4D312}.Release|x64.Build.0 = Release|x64
		{57B10A15-0B09-4A74-9FF4-981782C4D312}.Release|x86.ActiveCfg = Release|Win32
		{57B10A15-0B09-4A74-9FF4-981782C4D312}.Release|x86.Build.0 = Release|Win32
		{1BEA9DCF-E30C-46D6-8808-24AEFDFC0872}.Debug|x64.ActiveCfg = Debug|x64
		{1BEA9DCF-E30C-46D6-8808-24AEFDFC0872}.Debug|x64.Build.0 = Debug|x64
		{1BEA9DCF-E30C-46D6-8808-24AEFDFC0872}.Debug|x86.ActiveCfg = Debug|Win32
		{1BEA9DCF-E30C-46D6-8808-24AEFDFC0872}.Debug|x86.Build.0 = Debug|Win32
		{1BEA9DCF-E30C-46D6-8808-24AEFDFC0872}.Release|x64.ActiveCfg = Release|x64
		{1BEA9DCF-E30C-46D6-8808-24AEFDFC0872}.Release|x64.Build.0 = Release|x64
		{1BEA9DCF-E30C-46D6-8808-24AEFDFC0872}.Release|x86.ActiveCfg = Release|Win32
		{1BEA9DCF-E30C-46D6-8808-24AEFDFC0872}.Release|x86.Build.0 = Release|Win32
		{3F0ABCB1-2F72-4182-AB09-6C133950D666}.Debug|x64.ActiveCfg = Debug|x64
		{3F0ABCB1-2F72-4182-AB09-6C133950D666}.Debug|x64.Build.0 = Debug|x64
		{3F0ABCB1-2F72-4182-AB09-6C133950D666}.Debug|x86.ActiveCfg = Debug|Win32
		{3F0ABCB1-2F72-4182-AB09-6C133950D666}.Debug|x86.Build.0 = Debug|Win32
		{3F0ABCB1-2F72-4182-AB09-6C133950D666}.Release|x64.ActiveCfg = Release|x64
		{3F0ABCB1-2F72-4182-AB09-6C133950D666}.Release|x64.Build.0 = Release|x64
		{3F0ABCB1-2F72-4182-AB09-6C133950D666}.Release|x86.ActiveCfg = Release|Win32
		{3F0ABCB1-2F72-4182-AB09-6C133950D666}.Release|x86.Build.0 = Release|Win32
		{C4870A63-B780-42C3-8378-BBB97C4D4CDD}.Debug|x64.ActiveCfg = Debug|x64
		{C4870A63-B780-42C3-8378-BBB97C4D4CDD}.Debug|x64.Build.0 = Debug|x64
		{C4870A63-B780-42C3-8378-BBB97C4D4CDD}.Debug|x86.ActiveCfg = Debug|Win32
		{C4870A63-B780-42C3-8378-BBB97C4D4CDD}.Debug|x86.Build.0 = Debug|Win32
		{C4870A63-B780-42C3-8378-BBB97C4D4CDD}.Release|x64.ActiveCfg = Release|x64
		{C4870A63-B780-42C3-8378-BBB97C4D4CDD}.Release|x64.Build.0 = Release|x64
		{C4870A63-B780-42C3-8378-BBB97C4D4CDD}.Release|x86.ActiveCfg = Release|Win32
		{C4870A63-B780-42C3-8378-BBB97C4D4CDD}.Release|x86.Build.0 = Release|Win32
		{BFE80840-7FBB-4957-A96A-4E9B1BD2E151}.Debug|x64.ActiveCfg = Debug|x64
		{BFE80840-7FBB-4957-A96A-4E9B1BD2E151}.Debug|x64.Build.0 = Debug|x64
		{BFE80840-7FBB-4957-A96A-4E9B1BD2E151}.Debug|x86.ActiveCfg = Debug|Win32
		{BFE80840-7FBB-4957-A96A-4E9B1BD2E151}.Debug|x86.Build.0 = Debug|Win32
		{BFE80840-7FBB-4957-A96A-4E9B1BD2E151}.Release|x64.ActiveCfg = Release|x64
		{BFE80840-7FBB-4957-A96A-4E9B1BD2E151}.Release|x64.Build.0 = Release|x64
		{BFE80840-7FBB-4957-A96A-4E9B1BD2E151}.Release|x86.ActiveCfg = Release|Win32
		{BFE80840-7FBB-4957-A96A-4E9B1BD2E151}.Release|x86.Build.0 = Release|Win32
		{007D3E1E-B8CE-4026-87CB-38FB5017AF9E}.Debug|x64.ActiveCfg = Debug|x64
		{007D3E1E-B8CE-4026-87CB-38FB5017AF9E}.Debug|x64.Build.0 = Debug|x64
		{007D3E1E-B8CE-4026-87CB-38FB5017AF9E}.Debug|x86.ActiveCfg = Debug|Win32
		{007D3E1E-B8CE-4026-87CB-38FB5017AF9E}.Debug|x86.Build.0 = Debug|Win32
		{007D3E1E-B8CE-4026-87CB-38FB5017AF9E}.Release|x64.ActiveCfg = Release|x64
		{007D3E1E-B8CE-4026-87CB-38FB5017AF9E}.Release|x64.Build.0 = Release|x64
		{007D3E1E-B8CE-4026-87CB-38FB5017AF9E}.Release|x86.ActiveCfg = Release|Win32
		{007D3E1E-B8CE-4026-87CB-38FB5017AF9E}.Release|x86.Build.0 = Release|Win32
		{43B11ACE-1ED7-49EF-A7A4-518A94CEF05F}.Debug|x64.ActiveCfg = Debug|x64
		{43B11ACE-1ED7-49EF-A7A4-518A94CEF05F}.Debug|x64.Build.0 = Debug|x64
		{43B11ACE-1ED7-49EF-A7A4-518A94CEF05F}.Debug|x86.ActiveCfg = Debug|Win32
		{43B11ACE-1ED7-49EF-A7A4-518A94CEF05F}.Debug|x86.Build.0 = Debug|Win32
		{43B11ACE-1ED7-49EF-A7A4-518A94CEF05F}.Release|x64.ActiveCfg = Release|x64
		{43B11ACE-1ED7-49EF-A7A4-518A94CEF05F}.Release|x64.Build.0 = Release|x64
		{43B11ACE-1ED7-49EF-A7A4-518A94CEF05F}.Release|x86.ActiveCfg = Release|Win32
		{43B11ACE-1ED7-49EF-A7A4-518A94CEF05F}.Release|x86.Build.0 = Release|Win32
		{67FC2CBA-10DE-4BEB-8F10-6D5BD288159D}.Debug|x64.ActiveCfg = Debug|x64
		{67FC2CBA-10DE-4BEB-8F10-6D5BD288159D}.Debug|x64.Build.0 = Debug|x64
		{67FC2CBA-10DE-4BEB-8F10-6D5BD288159D}.Debug|x86.ActiveCfg = Debug|Win32
		{67FC2CBA-10DE-4BEB-8F10-6D5BD288159D}.Debug|x86.Build.0 = Debug|Win32
		{67FC2CBA-10DE-4BEB-8F10-6D5BD288159D}.Release|x64.ActiveCfg = Release|x64
		{67FC2CBA-10DE-4BEB-8F10-6D5BD288159D}.Release|x64.Build.0 = Release|x64
		{67FC2CBA-10DE-4BEB-8F10-6D5BD288159D}.Release|x86.ActiveCfg = Release|Win32
		{67FC2CBA-10DE-4BEB-8F10-6D5BD288159D}.Release|x86.Build.0 = Release|Win32
		{E984E3CD-F984-4049-BFED-3A7ABEE5F035}.Debug|x64.ActiveCfg = Debug|x64
		{E984E3CD-F984-4049-BFED-3A7ABEE5F035}.Debug|x64.Build.0 = Debug|x64
		{E984E3CD-F984-4049-BFED-3A7ABEE5F035}.Debug|x86.ActiveCfg = Debug|Win32
		{E984E3CD-F984-4049-BFED-3A7ABEE5F035}.Debug|x86.Build.0 = Debug|Win32
		{E984E3CD-F984-4049-BFED-3A7ABEE5F035}.Release|x64.ActiveCfg = Release|x64
		{E984E3CD-F984-4049-BFED-3A7ABEE5F035}.Release|x64.Build.0 = Release|x64
		{E984E3CD-F984-4049-BFED-3A7ABEE5F035}.Release|x86.ActiveCfg = Release|Win32
		{E984E3CD-F984-4049-BFED-3A7ABEE5F035}.Release|x86.Build.0 = Release|Win32
		{FA4334C9-49D2-4C86-A25C-A7C52748B7E0}.Debug|x64.ActiveCfg = Debug|x64
		{FA4334C9-49D2-4C86-A25C-A7C52748B7E0}.Debug|x64.Build.0 = Debug|x64
		{FA4334C9-49D2-4C86-A25C-A7C52748B7E0}.Debug|x86.ActiveCfg = Debug|Win32
		{FA4334C9-49D2-4C86-A25C-A7C52748B7E0}.Debug|x86.Build.0 = Debug|Win32
		{FA4334C9-49D2-4C86-A25C-A7C52748B7E0}.Release|x64.ActiveCfg = Release|x64
		{FA4334C9-49D2-4C86-A25C-A7C52748B7E0}.Release|x64.Build.0 = Release|x64
		{FA4334C9-49D2-4C86-A25C-A7C52748B7E0}.Release|x86.ActiveCfg = Release|Win32
		{FA4334C9-49D2-4C86-A25C-A7C52748B7E0}.Release|x86.Build.0 = Release|Win32
		{1AD6E233-7792-4568-B127-EAED5F11A266}.Debug|x64.ActiveCfg = Debug|x64
		{1AD6E233-7792-4568-B127-EAED5F11A266}.Debug|x64.Build.0 = Debug|x64
		{1AD6E233-7792-4568-B127-EAED5F11A266}.Debug|x86.ActiveCfg = Debug|Win32
		{1AD6E233-7792-4568-B127-EAED5F11A266}.Debug|x86.Build.0 = Debug|Win32
		{1AD6E233-7792-4568-B127-EAED5F11A266}.Release|x64.ActiveCfg = Release|x64
		{1AD6E233-7792-4568-B127-EAED5F11A266}.Release|x64.Build.0 = Release|x64
		{1AD6E233-7792-4568-B127-EAED5F11A266}.Release|x86.ActiveCfg = Release|Win32
		{1AD6E233-7792-4568-B127-EAED5F11A266}.Release|x86.Build.0 = Release|Win32
	EndGlobalSection
	GlobalSection(SolutionProperties) = preSolution
		HideSolutionNode = FALSE
	EndGlobalSection
	GlobalSection(ExtensibilityGlobals) = postSolution
		SolutionGuid = {C1AD869E-3D37-40B5-995B-06C31E08C357}
	EndGlobalSection
EndGlobal
